
Microsoft Visual Studio Solution File, Format Version 12.00
# Visual Studio Version 16
VisualStudioVersion = 16.0.30717.126
MinimumVisualStudioVersion = 10.0.40219.1
Project("{FAE04EC0-301F-11D3-BF4B-00C04F79EFBC}") = "SimpleFactory", "SimpleFactory\SimpleFactory.csproj", "{D89E4AB2-B5BB-448A-8224-5E14458D9B07}"
EndProject
Global
	GlobalSection(SolutionConfigurationPlatforms) = preSolution
		Debug|Any CPU = Debug|Any CPU
		Release|Any CPU = Release|Any CPU
	EndGlobalSection
	GlobalSection(ProjectConfigurationPlatforms) = postSolution
		{D89E4AB2-B5BB-448A-8224-5E14458D9B07}.Debug|Any CPU.ActiveCfg = Debug|Any CPU
		{D89E4AB2-B5BB-448A-8224-5E14458D9B07}.Debug|Any CPU.Build.0 = Debug|Any CPU
		{D89E4AB2-B5BB-448A-8224-5E14458D9B07}.Release|Any CPU.ActiveCfg = Release|Any CPU
		{D89E4AB2-B5BB-448A-8224-5E14458D9B07}.Release|Any CPU.Build.0 = Release|Any CPU
	EndGlobalSection
	GlobalSection(SolutionProperties) = preSolution
		HideSolutionNode = FALSE
	EndGlobalSection
	GlobalSection(ExtensibilityGlobals) = postSolution
		SolutionGuid = {92CED5AD-BF1B-4EB4-8CEB-42E15391D3AB}
	EndGlobalSection
EndGlobal
